
Microsoft Visual Studio Solution File, Format Version 12.00
# Visual Studio 15
VisualStudioVersion = 15.0.27703.2035
MinimumVisualStudioVersion = 10.0.40219.1
Project("{FAE04EC0-301F-11D3-BF4B-00C04F79EFBC}") = "ConsoleDataBaseRead", "ConsoleDataBaseRead\ConsoleDataBaseRead.csproj", "{2E579A12-F816-4E7A-BA3D-CDA6FC747230}"
EndProject
Global
	GlobalSection(SolutionConfigurationPlatforms) = preSolution
		Debug|Any CPU = Debug|Any CPU
		Release|Any CPU = Release|Any CPU
	EndGlobalSection
	GlobalSection(ProjectConfigurationPlatforms) = postSolution
		{2E579A12-F816-4E7A-BA3D-CDA6FC747230}.Debug|Any CPU.ActiveCfg = Debug|Any CPU
		{2E579A12-F816-4E7A-BA3D-CDA6FC747230}.Debug|Any CPU.Build.0 = Debug|Any CPU
		{2E579A12-F816-4E7A-BA3D-CDA6FC747230}.Release|Any CPU.ActiveCfg = Release|Any CPU
		{2E579A12-F816-4E7A-BA3D-CDA6FC747230}.Release|Any CPU.Build.0 = Release|Any CPU
	EndGlobalSection
	GlobalSection(SolutionProperties) = preSolution
		HideSolutionNode = FALSE
	EndGlobalSection
	GlobalSection(ExtensibilityGlobals) = postSolution
		SolutionGuid = {4F2B1CC8-0FB5-4ACA-A567-8A983C2F5683}
	EndGlobalSection
EndGlobal
